<?xml version="1.0" encoding="utf-8"?>
<Project ToolsVersion="4.0" xmlns="http://schemas.microsoft.com/developer/msbuild/2003">
  <ItemGroup>
    <Filter Include="Source Files">
      <UniqueIdentifier>{4FC737F1-C7A5-4376-A066-2A32D752A2FF}</UniqueIdentifier>
      <Extensions>cpp;c;cc;cxx;def;odl;idl;hpj;bat;asm;asmx</Extensions>
    </Filter>
    <Filter Include="Header Files">
      <UniqueIdentifier>{93995380-89BD-4b04-88EB-625FBE52EBFB}</UniqueIdentifier>
      <Extensions>h;hh;hpp;hxx;hm;inl;inc;ipp;xsd</Extensions>
    </Filter>
    <Filter Include="Resource Files">
      <UniqueIdentifier>{67DA6AB6-F800-4c08-8B7A-83BB121AAD01}</UniqueIdentifier>
      <Extensions>rc;ico;cur;bmp;dlg;rc2;rct;bin;rgs;gif;jpg;jpeg;jpe;resx;tiff;tif;png;wav;mfcribbon-ms</Extensions>
    </Filter>
    <Filter Include="Header Files\Mutation">
      <UniqueIdentifier>{1ea610da-4d80-4a43-98a6-68cf5539d69b}</UniqueIdentifier>
    </Filter>
    <Filter Include="Header Files\Crossover">
      <UniqueIdentifier>{e6cf0975-32d5-4d7f-97cc-31d7fb90250d}</UniqueIdentifier>
    </Filter>
    <Filter Include="Header Files\Initialization">
      <UniqueIdentifier>{ca0bddad-755a-4477-a509-79ecc5a79a6d}</UniqueIdentifier>
    </Filter>
    <Filter Include="Header Files\Selection">
      <UniqueIdentifier>{92532af0-ab84-4de1-bf8b-d98974bad39f}</UniqueIdentifier>
    </Filter>
    <Filter Include="Source Files\GeneticAlgoritms">
      <UniqueIdentifier>{d85a8435-e2b4-4764-b00c-a126bb1f2fd3}</UniqueIdentifier>
    </Filter>
    <Filter Include="Header Files\GeneticAlgorithms">
      <UniqueIdentifier>{f8d3c9b4-30f3-48f2-a2b7-f9e5c736e931}</UniqueIdentifier>
    </Filter>
    <Filter Include="Header Files\IslandGA">
      <UniqueIdentifier>{e4e370d6-496c-43ec-aa3d-6c1674e4ead0}</UniqueIdentifier>
    </Filter>
    <Filter Include="Header Files\Survival">
      <UniqueIdentifier>{53c5ae51-87e8-4557-a756-871976b1f065}</UniqueIdentifier>
    </Filter>
    <Filter Include="Header Files\Individual">
      <UniqueIdentifier>{ba69d6d9-244d-4d58-ac41-9056deac60f4}</UniqueIdentifier>
    </Filter>
  </ItemGroup>
  <ItemGroup>
    <ClCompile Include="GaussianGroupingEvaluatorFactory.cpp">
      <Filter>Source Files</Filter>
    </ClCompile>
    <ClCompile Include="GroupingEvaluator.cpp">
      <Filter>Source Files</Filter>
    </ClCompile>
    <ClCompile Include="Optimizer.cpp">
      <Filter>Source Files</Filter>
    </ClCompile>
    <ClCompile Include="Point.cpp">
      <Filter>Source Files</Filter>
    </ClCompile>
    <ClCompile Include="GroupingChallenge.cpp">
      <Filter>Source Files</Filter>
    </ClCompile>
    <ClCompile Include="Individual.cpp">
      <Filter>Source Files</Filter>
    </ClCompile>
    <ClCompile Include="Evaluator.cpp">
      <Filter>Source Files</Filter>
    </ClCompile>
    <ClCompile Include="TournamentSelection.h">
      <Filter>Header Files\Selection</Filter>
    </ClCompile>
    <ClCompile Include="CrossoverStrategy.h">
      <Filter>Header Files\Crossover</Filter>
    </ClCompile>
    <ClCompile Include="RandomResettingMutation.h">
      <Filter>Header Files\Mutation</Filter>
    </ClCompile>
    <ClCompile Include="AdaptiveMutation.h">
      <Filter>Header Files\Mutation</Filter>
    </ClCompile>
    <ClCompile Include="Island.cpp">
      <Filter>Source Files</Filter>
    </ClCompile>
    <ClCompile Include="IslandsGA.cpp">
      <Filter>Source Files\GeneticAlgoritms</Filter>
    </ClCompile>
    <ClCompile Include="GeneticAlgorithmTester.cpp">
      <Filter>Source Files\GeneticAlgoritms</Filter>
    </ClCompile>
    <ClCompile Include="GeneticAlgorithm.cpp">
      <Filter>Source Files\GeneticAlgoritms</Filter>
    </ClCompile>
    <ClCompile Include="SurvivalStrategy.h">
      <Filter>Header Files\Survival</Filter>
    </ClCompile>
  </ItemGroup>
  <ItemGroup>
    <ClInclude Include="GaussianGroupingEvaluatorFactory.h">
      <Filter>Header Files</Filter>
    </ClInclude>
    <ClInclude Include="GroupingEvaluator.h">
      <Filter>Header Files</Filter>
    </ClInclude>
    <ClInclude Include="Optimizer.h">
      <Filter>Header Files</Filter>
    </ClInclude>
    <ClInclude Include="Point.h">
      <Filter>Header Files</Filter>
    </ClInclude>
    <ClInclude Include="Evaluator.h">
      <Filter>Header Files</Filter>
    </ClInclude>
    <ClInclude Include="SelectionStrategy.h">
      <Filter>Header Files\Selection</Filter>
    </ClInclude>
    <ClInclude Include="MutationStrategy.h">
      <Filter>Header Files\Mutation</Filter>
    </ClInclude>
    <ClInclude Include="UniformCrossover.h">
      <Filter>Header Files\Crossover</Filter>
    </ClInclude>
    <ClInclude Include="ClusterPreservingCrossover.h">
      <Filter>Header Files\Crossover</Filter>
    </ClInclude>
    <ClInclude Include="SmartPtr.h">
      <Filter>Header Files</Filter>
    </ClInclude>
    <ClInclude Include="RefCounter.h">
      <Filter>Header Files</Filter>
    </ClInclude>
    <ClInclude Include="GeneticAlgorithm.h">
      <Filter>Header Files\GeneticAlgorithms</Filter>
    </ClInclude>
    <ClInclude Include="IGeneticAlgorithm.h">
      <Filter>Header Files\GeneticAlgorithms</Filter>
    </ClInclude>
    <ClInclude Include="IslandsGA.h">
      <Filter>Header Files\IslandGA</Filter>
    </ClInclude>
    <ClInclude Include="Island.h">
      <Filter>Header Files\IslandGA</Filter>
    </ClInclude>
    <ClInclude Include="GeneticAlgorithmTester.h">
      <Filter>Header Files\GeneticAlgorithms</Filter>
    </ClInclude>
    <ClInclude Include="Individual.h">
      <Filter>Header Files\Individual</Filter>
    </ClInclude>
    <ClInclude Include="IIndividualFactory.h">
      <Filter>Header Files\Individual</Filter>
    </ClInclude>
    <ClInclude Include="RandomIndividualFactory.h">
      <Filter>Header Files\Individual</Filter>
    </ClInclude>
    <ClInclude Include="PopulationPool.h">
      <Filter>Header Files</Filter>
    </ClInclude>
    <ClInclude Include="InitializationStrategy.h">
      <Filter>Header Files\Initialization</Filter>
    </ClInclude>
    <ClInclude Include="RandomInitialization.h">
      <Filter>Header Files\Initialization</Filter>
    </ClInclude>
    <ClInclude Include="ElitismSurvival.h">
      <Filter>Header Files\Survival</Filter>
    </ClInclude>
    <ClInclude Include="BasicGA.h">
      <Filter>Header Files\GeneticAlgorithms</Filter>
    </ClInclude>
  </ItemGroup>
</Project>